// !$*UTF8*$!
{
	archiveVersion = 1;
	classes = {
	};
	objectVersion = 46;
	objects = {

/* Begin PBXBuildFile section */
		6834007A1DED81820064BD83 /* main.m in Sources */ = {isa = PBXBuildFile; fileRef = 683400791DED81820064BD83 /* main.m */; };
		6834007D1DED81820064BD83 /* AppDelegate.m in Sources */ = {isa = PBXBuildFile; fileRef = 6834007C1DED81820064BD83 /* AppDelegate.m */; };
		683400801DED81820064BD83 /* ViewController.m in Sources */ = {isa = PBXBuildFile; fileRef = 6834007F1DED81820064BD83 /* ViewController.m */; };
		683400831DED81820064BD83 /* Main.storyboard in Resources */ = {isa = PBXBuildFile; fileRef = 683400811DED81820064BD83 /* Main.storyboard */; };
		683400851DED81820064BD83 /* Assets.xcassets in Resources */ = {isa = PBXBuildFile; fileRef = 683400841DED81820064BD83 /* Assets.xcassets */; };
		683400881DED81820064BD83 /* LaunchScreen.storyboard in Resources */ = {isa = PBXBuildFile; fileRef = 683400861DED81820064BD83 /* LaunchScreen.storyboard */; };
		683400931DED81830064BD83 /* OldAfHttpsTests.m in Sources */ = {isa = PBXBuildFile; fileRef = 683400921DED81830064BD83 /* OldAfHttpsTests.m */; };
		6834009E1DED81830064BD83 /* OldAfHttpsUITests.m in Sources */ = {isa = PBXBuildFile; fileRef = 6834009D1DED81830064BD83 /* OldAfHttpsUITests.m */; };
		683400D31DED818E0064BD83 /* AFHTTPRequestOperation.m in Sources */ = {isa = PBXBuildFile; fileRef = 683400AE1DED818E0064BD83 /* AFHTTPRequestOperation.m */; };
		683400D41DED818E0064BD83 /* AFHTTPRequestOperationManager.m in Sources */ = {isa = PBXBuildFile; fileRef = 683400B01DED818E0064BD83 /* AFHTTPRequestOperationManager.m */; };
		683400D51DED818E0064BD83 /* AFHTTPSessionManager.m in Sources */ = {isa = PBXBuildFile; fileRef = 683400B21DED818E0064BD83 /* AFHTTPSessionManager.m */; };
		683400D61DED818E0064BD83 /* AFNetworkReachabilityManager.m in Sources */ = {isa = PBXBuildFile; fileRef = 683400B51DED818E0064BD83 /* AFNetworkReachabilityManager.m */; };
		683400D71DED818E0064BD83 /* AFSecurityPolicy.m in Sources */ = {isa = PBXBuildFile; fileRef = 683400B71DED818E0064BD83 /* AFSecurityPolicy.m */; };
		683400D81DED818E0064BD83 /* AFURLConnectionOperation.m in Sources */ = {isa = PBXBuildFile; fileRef = 683400B91DED818E0064BD83 /* AFURLConnectionOperation.m */; };
		683400D91DED818E0064BD83 /* AFURLRequestSerialization.m in Sources */ = {isa = PBXBuildFile; fileRef = 683400BB1DED818E0064BD83 /* AFURLRequestSerialization.m */; };
		683400DA1DED818E0064BD83 /* AFURLResponseSerialization.m in Sources */ = {isa = PBXBuildFile; fileRef = 683400BD1DED818E0064BD83 /* AFURLResponseSerialization.m */; };
		683400DB1DED818E0064BD83 /* AFURLSessionManager.m in Sources */ = {isa = PBXBuildFile; fileRef = 683400BF1DED818E0064BD83 /* AFURLSessionManager.m */; };
		683400DC1DED818E0064BD83 /* AFNetworkActivityIndicatorManager.m in Sources */ = {isa = PBXBuildFile; fileRef = 683400C21DED818E0064BD83 /* AFNetworkActivityIndicatorManager.m */; };
		683400DD1DED818E0064BD83 /* UIActivityIndicatorView+AFNetworking.m in Sources */ = {isa = PBXBuildFile; fileRef = 683400C41DED818E0064BD83 /* UIActivityIndicatorView+AFNetworking.m */; };
		683400DE1DED818E0064BD83 /* UIAlertView+AFNetworking.m in Sources */ = {isa = PBXBuildFile; fileRef = 683400C61DED818E0064BD83 /* UIAlertView+AFNetworking.m */; };
		683400DF1DED818E0064BD83 /* UIButton+AFNetworking.m in Sources */ = {isa = PBXBuildFile; fileRef = 683400C81DED818E0064BD83 /* UIButton+AFNetworking.m */; };
		683400E01DED818E0064BD83 /* UIImageView+AFNetworking.m in Sources */ = {isa = PBXBuildFile; fileRef = 683400CB1DED818E0064BD83 /* UIImageView+AFNetworking.m */; };
		683400E11DED818E0064BD83 /* UIProgressView+AFNetworking.m in Sources */ = {isa = PBXBuildFile; fileRef = 683400CE1DED818E0064BD83 /* UIProgressView+AFNetworking.m */; };
		683400E21DED818E0064BD83 /* UIRefreshControl+AFNetworking.m in Sources */ = {isa = PBXBuildFile; fileRef = 683400D01DED818E0064BD83 /* UIRefreshControl+AFNetworking.m */; };
		683400E31DED818E0064BD83 /* UIWebView+AFNetworking.m in Sources */ = {isa = PBXBuildFile; fileRef = 683400D21DED818E0064BD83 /* UIWebView+AFNetworking.m */; };
		683400E81DED81F70064BD83 /* client.p12 in Resources */ = {isa = PBXBuildFile; fileRef = 683400E51DED81F70064BD83 /* client.p12 */; };
/* End PBXBuildFile section */

/* Begin PBXContainerItemProxy section */
		6834008F1DED81830064BD83 /* PBXContainerItemProxy */ = {
			isa = PBXContainerItemProxy;
			containerPortal = 6834006D1DED81820064BD83 /* Project object */;
			proxyType = 1;
			remoteGlobalIDString = 683400741DED81820064BD83;
			remoteInfo = OldAfHttps;
		};
		6834009A1DED81830064BD83 /* PBXContainerItemProxy */ = {
			isa = PBXContainerItemProxy;
			containerPortal = 6834006D1DED81820064BD83 /* Project object */;
			proxyType = 1;
			remoteGlobalIDString = 683400741DED81820064BD83;
			remoteInfo = OldAfHttps;
		};
/* End PBXContainerItemProxy section */

/* Begin PBXFileReference section */
		683400751DED81820064BD83 /* OldAfHttps.app */ = {isa = PBXFileReference; explicitFileType = wrapper.application; includeInIndex = 0; path = OldAfHttps.app; sourceTree = BUILT_PRODUCTS_DIR; };
		683400791DED81820064BD83 /* main.m */ = {isa = PBXFileReference; lastKnownFileType = sourcecode.c.objc; path = main.m; sourceTree = "<group>"; };
		6834007B1DED81820064BD83 /* AppDelegate.h */ = {isa = PBXFileReference; lastKnownFileType = sourcecode.c.h; path = AppDelegate.h; sourceTree = "<group>"; };
		6834007C1DED81820064BD83 /* AppDelegate.m */ = {isa = PBXFileReference; lastKnownFileType = sourcecode.c.objc; path = AppDelegate.m; sourceTree = "<group>"; };
		6834007E1DED81820064BD83 /* ViewController.h */ = {isa = PBXFileReference; lastKnownFileType = sourcecode.c.h; path = ViewController.h; sourceTree = "<group>"; };
		6834007F1DED81820064BD83 /* ViewController.m */ = {isa = PBXFileReference; lastKnownFileType = sourcecode.c.objc; path = ViewController.m; sourceTree = "<group>"; };
		683400821DED81820064BD83 /* Base */ = {isa = PBXFileReference; lastKnownFileType = file.storyboard; name = Base; path = Base.lproj/Main.storyboard; sourceTree = "<group>"; };
		683400841DED81820064BD83 /* Assets.xcassets */ = {isa = PBXFileReference; lastKnownFileType = folder.assetcatalog; path = Assets.xcassets; sourceTree = "<group>"; };
		683400871DED81820064BD83 /* Base */ = {isa = PBXFileReference; lastKnownFileType = file.storyboard; name = Base; path = Base.lproj/LaunchScreen.storyboard; sourceTree = "<group>"; };
		683400891DED81820064BD83 /* Info.plist */ = {isa = PBXFileReference; lastKnownFileType = text.plist.xml; path = Info.plist; sourceTree = "<group>"; };
		6834008E1DED81830064BD83 /* OldAfHttpsTests.xctest */ = {isa = PBXFileReference; explicitFileType = wrapper.cfbundle; includeInIndex = 0; path = OldAfHttpsTests.xctest; sourceTree = BUILT_PRODUCTS_DIR; };
		683400921DED81830064BD83 /* OldAfHttpsTests.m */ = {isa = PBXFileReference; lastKnownFileType = sourcecode.c.objc; path = OldAfHttpsTests.m; sourceTree = "<group>"; };
		683400941DED81830064BD83 /* Info.plist */ = {isa = PBXFileReference; lastKnownFileType = text.plist.xml; path = Info.plist; sourceTree = "<group>"; };
		683400991DED81830064BD83 /* OldAfHttpsUITests.xctest */ = {isa = PBXFileReference; explicitFileType = wrapper.cfbundle; includeInIndex = 0; path = OldAfHttpsUITests.xctest; sourceTree = BUILT_PRODUCTS_DIR; };
		6834009D1DED81830064BD83 /* OldAfHttpsUITests.m */ = {isa = PBXFileReference; lastKnownFileType = sourcecode.c.objc; path = OldAfHttpsUITests.m; sourceTree = "<group>"; };
		6834009F1DED81830064BD83 /* Info.plist */ = {isa = PBXFileReference; lastKnownFileType = text.plist.xml; path = Info.plist; sourceTree = "<group>"; };
		683400AD1DED818E0064BD83 /* AFHTTPRequestOperation.h */ = {isa = PBXFileReference; fileEncoding = 4; lastKnownFileType = sourcecode.c.h; path = AFHTTPRequestOperation.h; sourceTree = "<group>"; };
		683400AE1DED818E0064BD83 /* AFHTTPRequestOperation.m */ = {isa = PBXFileReference; fileEncoding = 4; lastKnownFileType = sourcecode.c.objc; path = AFHTTPRequestOperation.m; sourceTree = "<group>"; };
		683400AF1DED818E0064BD83 /* AFHTTPRequestOperationManager.h */ = {isa = PBXFileReference; fileEncoding = 4; lastKnownFileType = sourcecode.c.h; path = AFHTTPRequestOperationManager.h; sourceTree = "<group>"; };
		683400B01DED818E0064BD83 /* AFHTTPRequestOperationManager.m */ = {isa = PBXFileReference; fileEncoding = 4; lastKnownFileType = sourcecode.c.objc; path = AFHTTPRequestOperationManager.m; sourceTree = "<group>"; };
		683400B11DED818E0064BD83 /* AFHTTPSessionManager.h */ = {isa = PBXFileReference; fileEncoding = 4; lastKnownFileType = sourcecode.c.h; path = AFHTTPSessionManager.h; sourceTree = "<group>"; };
		683400B21DED818E0064BD83 /* AFHTTPSessionManager.m */ = {isa = PBXFileReference; fileEncoding = 4; lastKnownFileType = sourcecode.c.objc; path = AFHTTPSessionManager.m; sourceTree = "<group>"; };
		683400B31DED818E0064BD83 /* AFNetworking.h */ = {isa = PBXFileReference; fileEncoding = 4; lastKnownFileType = sourcecode.c.h; path = AFNetworking.h; sourceTree = "<group>"; };
		683400B41DED818E0064BD83 /* AFNetworkReachabilityManager.h */ = {isa = PBXFileReference; fileEncoding = 4; lastKnownFileType = sourcecode.c.h; path = AFNetworkReachabilityManager.h; sourceTree = "<group>"; };
		683400B51DED818E0064BD83 /* AFNetworkReachabilityManager.m */ = {isa = PBXFileReference; fileEncoding = 4; lastKnownFileType = sourcecode.c.objc; path = AFNetworkReachabilityManager.m; sourceTree = "<group>"; };
		683400B61DED818E0064BD83 /* AFSecurityPolicy.h */ = {isa = PBXFileReference; fileEncoding = 4; lastKnownFileType = sourcecode.c.h; path = AFSecurityPolicy.h; sourceTree = "<group>"; };
		683400B71DED818E0064BD83 /* AFSecurityPolicy.m */ = {isa = PBXFileReference; fileEncoding = 4; lastKnownFileType = sourcecode.c.objc; path = AFSecurityPolicy.m; sourceTree = "<group>"; };
		683400B81DED818E0064BD83 /* AFURLConnectionOperation.h */ = {isa = PBXFileReference; fileEncoding = 4; lastKnownFileType = sourcecode.c.h; path = AFURLConnectionOperation.h; sourceTree = "<group>"; };
		683400B91DED818E0064BD83 /* AFURLConnectionOperation.m */ = {isa = PBXFileReference; fileEncoding = 4; lastKnownFileType = sourcecode.c.objc; path = AFURLConnectionOperation.m; sourceTree = "<group>"; };
		683400BA1DED818E0064BD83 /* AFURLRequestSerialization.h */ = {isa = PBXFileReference; fileEncoding = 4; lastKnownFileType = sourcecode.c.h; path = AFURLRequestSerialization.h; sourceTree = "<group>"; };
		683400BB1DED818E0064BD83 /* AFURLRequestSerialization.m */ = {isa = PBXFileReference; fileEncoding = 4; lastKnownFileType = sourcecode.c.objc; path = AFURLRequestSerialization.m; sourceTree = "<group>"; };
		683400BC1DED818E0064BD83 /* AFURLResponseSerialization.h */ = {isa = PBXFileReference; fileEncoding = 4; lastKnownFileType = sourcecode.c.h; path = AFURLResponseSerialization.h; sourceTree = "<group>"; };
		683400BD1DED818E0064BD83 /* AFURLResponseSerialization.m */ = {isa = PBXFileReference; fileEncoding = 4; lastKnownFileType = sourcecode.c.objc; path = AFURLResponseSerialization.m; sourceTree = "<group>"; };
		683400BE1DED818E0064BD83 /* AFURLSessionManager.h */ = {isa = PBXFileReference; fileEncoding = 4; lastKnownFileType = sourcecode.c.h; path = AFURLSessionManager.h; sourceTree = "<group>"; };
		683400BF1DED818E0064BD83 /* AFURLSessionManager.m */ = {isa = PBXFileReference; fileEncoding = 4; lastKnownFileType = sourcecode.c.objc; path = AFURLSessionManager.m; sourceTree = "<group>"; };
		683400C11DED818E0064BD83 /* AFNetworkActivityIndicatorManager.h */ = {isa = PBXFileReference; fileEncoding = 4; lastKnownFileType = sourcecode.c.h; path = AFNetworkActivityIndicatorManager.h; sourceTree = "<group>"; };
		683400C21DED818E0064BD83 /* AFNetworkActivityIndicatorManager.m */ = {isa = PBXFileReference; fileEncoding = 4; lastKnownFileType = sourcecode.c.objc; path = AFNetworkActivityIndicatorManager.m; sourceTree = "<group>"; };
		683400C31DED818E0064BD83 /* UIActivityIndicatorView+AFNetworking.h */ = {isa = PBXFileReference; fileEncoding = 4; lastKnownFileType = sourcecode.c.h; path = "UIActivityIndicatorView+AFNetworking.h"; sourceTree = "<group>"; };
		683400C41DED818E0064BD83 /* UIActivityIndicatorView+AFNetworking.m */ = {isa = PBXFileReference; fileEncoding = 4; lastKnownFileType = sourcecode.c.objc; path = "UIActivityIndicatorView+AFNetworking.m"; sourceTree = "<group>"; };
		683400C51DED818E0064BD83 /* UIAlertView+AFNetworking.h */ = {isa = PBXFileReference; fileEncoding = 4; lastKnownFileType = sourcecode.c.h; path = "UIAlertView+AFNetworking.h"; sourceTree = "<group>"; };
		683400C61DED818E0064BD83 /* UIAlertView+AFNetworking.m */ = {isa = PBXFileReference; fileEncoding = 4; lastKnownFileType = sourcecode.c.objc; path = "UIAlertView+AFNetworking.m"; sourceTree = "<group>"; };
		683400C71DED818E0064BD83 /* UIButton+AFNetworking.h */ = {isa = PBXFileReference; fileEncoding = 4; lastKnownFileType = sourcecode.c.h; path = "UIButton+AFNetworking.h"; sourceTree = "<group>"; };
		683400C81DED818E0064BD83 /* UIButton+AFNetworking.m */ = {isa = PBXFileReference; fileEncoding = 4; lastKnownFileType = sourcecode.c.objc; path = "UIButton+AFNetworking.m"; sourceTree = "<group>"; };
		683400C91DED818E0064BD83 /* UIImage+AFNetworking.h */ = {isa = PBXFileReference; fileEncoding = 4; lastKnownFileType = sourcecode.c.h; path = "UIImage+AFNetworking.h"; sourceTree = "<group>"; };
		683400CA1DED818E0064BD83 /* UIImageView+AFNetworking.h */ = {isa = PBXFileReference; fileEncoding = 4; lastKnownFileType = sourcecode.c.h; path = "UIImageView+AFNetworking.h"; sourceTree = "<group>"; };
		683400CB1DED818E0064BD83 /* UIImageView+AFNetworking.m */ = {isa = PBXFileReference; fileEncoding = 4; lastKnownFileType = sourcecode.c.objc; path = "UIImageView+AFNetworking.m"; sourceTree = "<group>"; };
		683400CC1DED818E0064BD83 /* UIKit+AFNetworking.h */ = {isa = PBXFileReference; fileEncoding = 4; lastKnownFileType = sourcecode.c.h; path = "UIKit+AFNetworking.h"; sourceTree = "<group>"; };
		683400CD1DED818E0064BD83 /* UIProgressView+AFNetworking.h */ = {isa = PBXFileReference; fileEncoding = 4; lastKnownFileType = sourcecode.c.h; path = "UIProgressView+AFNetworking.h"; sourceTree = "<group>"; };
		683400CE1DED818E0064BD83 /* UIProgressView+AFNetworking.m */ = {isa = PBXFileReference; fileEncoding = 4; lastKnownFileType = sourcecode.c.objc; path = "UIProgressView+AFNetworking.m"; sourceTree = "<group>"; };
		683400CF1DED818E0064BD83 /* UIRefreshControl+AFNetworking.h */ = {isa = PBXFileReference; fileEncoding = 4; lastKnownFileType = sourcecode.c.h; path = "UIRefreshControl+AFNetworking.h"; sourceTree = "<group>"; };
		683400D01DED818E0064BD83 /* UIRefreshControl+AFNetworking.m */ = {isa = PBXFileReference; fileEncoding = 4; lastKnownFileType = sourcecode.c.objc; path = "UIRefreshControl+AFNetworking.m"; sourceTree = "<group>"; };
		683400D11DED818E0064BD83 /* UIWebView+AFNetworking.h */ = {isa = PBXFileReference; fileEncoding = 4; lastKnownFileType = sourcecode.c.h; path = "UIWebView+AFNetworking.h"; sourceTree = "<group>"; };
		683400D21DED818E0064BD83 /* UIWebView+AFNetworking.m */ = {isa = PBXFileReference; fileEncoding = 4; lastKnownFileType = sourcecode.c.objc; path = "UIWebView+AFNetworking.m"; sourceTree = "<group>"; };
		683400E51DED81F70064BD83 /* client.p12 */ = {isa = PBXFileReference; lastKnownFileType = file; path = client.p12; sourceTree = "<group>"; };
/* End PBXFileReference section */

/* Begin PBXFrameworksBuildPhase section */
		683400721DED81820064BD83 /* Frameworks */ = {
			isa = PBXFrameworksBuildPhase;
			buildActionMask = 2147483647;
			files = (
			);
			runOnlyForDeploymentPostprocessing = 0;
		};
		6834008B1DED81830064BD83 /* Frameworks */ = {
			isa = PBXFrameworksBuildPhase;
			buildActionMask = 2147483647;
			files = (
			);
			runOnlyForDeploymentPostprocessing = 0;
		};
		683400961DED81830064BD83 /* Frameworks */ = {
			isa = PBXFrameworksBuildPhase;
			buildActionMask = 2147483647;
			files = (
			);
			runOnlyForDeploymentPostprocessing = 0;
		};
/* End PBXFrameworksBuildPhase section */

/* Begin PBXGroup section */
		6834006C1DED81820064BD83 = {
			isa = PBXGroup;
			children = (
				683400771DED81820064BD83 /* OldAfHttps */,
				683400911DED81830064BD83 /* OldAfHttpsTests */,
				6834009C1DED81830064BD83 /* OldAfHttpsUITests */,
				683400761DED81820064BD83 /* Products */,
			);
			sourceTree = "<group>";
		};
		683400761DED81820064BD83 /* Products */ = {
			isa = PBXGroup;
			children = (
				683400751DED81820064BD83 /* OldAfHttps.app */,
				6834008E1DED81830064BD83 /* OldAfHttpsTests.xctest */,
				683400991DED81830064BD83 /* OldAfHttpsUITests.xctest */,
			);
			name = Products;
			sourceTree = "<group>";
		};
		683400771DED81820064BD83 /* OldAfHttps */ = {
			isa = PBXGroup;
			children = (
				6834007B1DED81820064BD83 /* AppDelegate.h */,
				6834007C1DED81820064BD83 /* AppDelegate.m */,
				6834007E1DED81820064BD83 /* ViewController.h */,
				6834007F1DED81820064BD83 /* ViewController.m */,
				683400E51DED81F70064BD83 /* client.p12 */,
				683400AB1DED818E0064BD83 /* AFNetworking */,
				683400811DED81820064BD83 /* Main.storyboard */,
				683400841DED81820064BD83 /* Assets.xcassets */,
				683400861DED81820064BD83 /* LaunchScreen.storyboard */,
				683400891DED81820064BD83 /* Info.plist */,
				683400781DED81820064BD83 /* Supporting Files */,
			);
			path = OldAfHttps;
			sourceTree = "<group>";
		};
		683400781DED81820064BD83 /* Supporting Files */ = {
			isa = PBXGroup;
			children = (
				683400791DED81820064BD83 /* main.m */,
			);
			name = "Supporting Files";
			sourceTree = "<group>";
		};
		683400911DED81830064BD83 /* OldAfHttpsTests */ = {
			isa = PBXGroup;
			children = (
				683400921DED81830064BD83 /* OldAfHttpsTests.m */,
				683400941DED81830064BD83 /* Info.plist */,
			);
			path = OldAfHttpsTests;
			sourceTree = "<group>";
		};
		6834009C1DED81830064BD83 /* OldAfHttpsUITests */ = {
			isa = PBXGroup;
			children = (
				6834009D1DED81830064BD83 /* OldAfHttpsUITests.m */,
				6834009F1DED81830064BD83 /* Info.plist */,
			);
			path = OldAfHttpsUITests;
			sourceTree = "<group>";
		};
		683400AB1DED818E0064BD83 /* AFNetworking */ = {
			isa = PBXGroup;
			children = (
				683400AC1DED818E0064BD83 /* AFNetworking */,
				683400C01DED818E0064BD83 /* UIKit+AFNetworking */,
			);
			path = AFNetworking;
			sourceTree = "<group>";
		};
		683400AC1DED818E0064BD83 /* AFNetworking */ = {
			isa = PBXGroup;
			children = (
				683400AD1DED818E0064BD83 /* AFHTTPRequestOperation.h */,
				683400AE1DED818E0064BD83 /* AFHTTPRequestOperation.m */,
				683400AF1DED818E0064BD83 /* AFHTTPRequestOperationManager.h */,
				683400B01DED818E0064BD83 /* AFHTTPRequestOperationManager.m */,
				683400B11DED818E0064BD83 /* AFHTTPSessionManager.h */,
				683400B21DED818E0064BD83 /* AFHTTPSessionManager.m */,
				683400B31DED818E0064BD83 /* AFNetworking.h */,
				683400B41DED818E0064BD83 /* AFNetworkReachabilityManager.h */,
				683400B51DED818E0064BD83 /* AFNetworkReachabilityManager.m */,
				683400B61DED818E0064BD83 /* AFSecurityPolicy.h */,
				683400B71DED818E0064BD83 /* AFSecurityPolicy.m */,
				683400B81DED818E0064BD83 /* AFURLConnectionOperation.h */,
				683400B91DED818E0064BD83 /* AFURLConnectionOperation.m */,
				683400BA1DED818E0064BD83 /* AFURLRequestSerialization.h */,
				683400BB1DED818E0064BD83 /* AFURLRequestSerialization.m */,
				683400BC1DED818E0064BD83 /* AFURLResponseSerialization.h */,
				683400BD1DED818E0064BD83 /* AFURLResponseSerialization.m */,
				683400BE1DED818E0064BD83 /* AFURLSessionManager.h */,
				683400BF1DED818E0064BD83 /* AFURLSessionManager.m */,
			);
			path = AFNetworking;
			sourceTree = "<group>";
		};
		683400C01DED818E0064BD83 /* UIKit+AFNetworking */ = {
			isa = PBXGroup;
			children = (
				683400C11DED818E0064BD83 /* AFNetworkActivityIndicatorManager.h */,
				683400C21DED818E0064BD83 /* AFNetworkActivityIndicatorManager.m */,
				683400C31DED818E0064BD83 /* UIActivityIndicatorView+AFNetworking.h */,
				683400C41DED818E0064BD83 /* UIActivityIndicatorView+AFNetworking.m */,
				683400C51DED818E0064BD83 /* UIAlertView+AFNetworking.h */,
				683400C61DED818E0064BD83 /* UIAlertView+AFNetworking.m */,
				683400C71DED818E0064BD83 /* UIButton+AFNetworking.h */,
				683400C81DED818E0064BD83 /* UIButton+AFNetworking.m */,
				683400C91DED818E0064BD83 /* UIImage+AFNetworking.h */,
				683400CA1DED818E0064BD83 /* UIImageView+AFNetworking.h */,
				683400CB1DED818E0064BD83 /* UIImageView+AFNetworking.m */,
				683400CC1DED818E0064BD83 /* UIKit+AFNetworking.h */,
				683400CD1DED818E0064BD83 /* UIProgressView+AFNetworking.h */,
				683400CE1DED818E0064BD83 /* UIProgressView+AFNetworking.m */,
				683400CF1DED818E0064BD83 /* UIRefreshControl+AFNetworking.h */,
				683400D01DED818E0064BD83 /* UIRefreshControl+AFNetworking.m */,
				683400D11DED818E0064BD83 /* UIWebView+AFNetworking.h */,
				683400D21DED818E0064BD83 /* UIWebView+AFNetworking.m */,
			);
			path = "UIKit+AFNetworking";
			sourceTree = "<group>";
		};
/* End PBXGroup section */

/* Begin PBXNativeTarget section */
		683400741DED81820064BD83 /* OldAfHttps */ = {
			isa = PBXNativeTarget;
			buildConfigurationList = 683400A21DED81830064BD83 /* Build configuration list for PBXNativeTarget "OldAfHttps" */;
			buildPhases = (
				683400711DED81820064BD83 /* Sources */,
				683400721DED81820064BD83 /* Frameworks */,
				683400731DED81820064BD83 /* Resources */,
			);
			buildRules = (
			);
			dependencies = (
			);
			name = OldAfHttps;
			productName = OldAfHttps;
			productReference = 683400751DED81820064BD83 /* OldAfHttps.app */;
			productType = "com.apple.product-type.application";
		};
		6834008D1DED81830064BD83 /* OldAfHttpsTests */ = {
			isa = PBXNativeTarget;
			buildConfigurationList = 683400A51DED81830064BD83 /* Build configuration list for PBXNativeTarget "OldAfHttpsTests" */;
			buildPhases = (
				6834008A1DED81830064BD83 /* Sources */,
				6834008B1DED81830064BD83 /* Frameworks */,
				6834008C1DED81830064BD83 /* Resources */,
			);
			buildRules = (
			);
			dependencies = (
				683400901DED81830064BD83 /* PBXTargetDependency */,
			);
			name = OldAfHttpsTests;
			productName = OldAfHttpsTests;
			productReference = 6834008E1DED81830064BD83 /* OldAfHttpsTests.xctest */;
			productType = "com.apple.product-type.bundle.unit-test";
		};
		683400981DED81830064BD83 /* OldAfHttpsUITests */ = {
			isa = PBXNativeTarget;
			buildConfigurationList = 683400A81DED81830064BD83 /* Build configuration list for PBXNativeTarget "OldAfHttpsUITests" */;
			buildPhases = (
				683400951DED81830064BD83 /* Sources */,
				683400961DED81830064BD83 /* Frameworks */,
				683400971DED81830064BD83 /* Resources */,
			);
			buildRules = (
			);
			dependencies = (
				6834009B1DED81830064BD83 /* PBXTargetDependency */,
			);
			name = OldAfHttpsUITests;
			productName = OldAfHttpsUITests;
			productReference = 683400991DED81830064BD83 /* OldAfHttpsUITests.xctest */;
			productType = "com.apple.product-type.bundle.ui-testing";
		};
/* End PBXNativeTarget section */

/* Begin PBXProject section */
		6834006D1DED81820064BD83 /* Project object */ = {
			isa = PBXProject;
			attributes = {
				LastUpgradeCheck = 0810;
				ORGANIZATIONNAME = CodingFire;
				TargetAttributes = {
					683400741DED81820064BD83 = {
						CreatedOnToolsVersion = 8.1;
						DevelopmentTeam = B2P95ADDC5;
						ProvisioningStyle = Automatic;
					};
					6834008D1DED81830064BD83 = {
						CreatedOnToolsVersion = 8.1;
						DevelopmentTeam = B2P95ADDC5;
						ProvisioningStyle = Automatic;
						TestTargetID = 683400741DED81820064BD83;
					};
					683400981DED81830064BD83 = {
						CreatedOnToolsVersion = 8.1;
						DevelopmentTeam = B2P95ADDC5;
						ProvisioningStyle = Automatic;
						TestTargetID = 683400741DED81820064BD83;
					};
				};
			};
			buildConfigurationList = 683400701DED81820064BD83 /* Build configuration list for PBXProject "OldAfHttps" */;
			compatibilityVersion = "Xcode 3.2";
			developmentRegion = English;
			hasScannedForEncodings = 0;
			knownRegions = (
				en,
				Base,
			);
			mainGroup = 6834006C1DED81820064BD83;
			productRefGroup = 683400761DED81820064BD83 /* Products */;
			projectDirPath = "";
			projectRoot = "";
			targets = (
				683400741DED81820064BD83 /* OldAfHttps */,
				6834008D1DED81830064BD83 /* OldAfHttpsTests */,
				683400981DED81830064BD83 /* OldAfHttpsUITests */,
			);
		};
/* End PBXProject section */

/* Begin PBXResourcesBuildPhase section */
		683400731DED81820064BD83 /* Resources */ = {
			isa = PBXResourcesBuildPhase;
			buildActionMask = 2147483647;
			files = (
				683400881DED81820064BD83 /* LaunchScreen.storyboard in Resources */,
				683400851DED81820064BD83 /* Assets.xcassets in Resources */,
				683400831DED81820064BD83 /* Main.storyboard in Resources */,
				683400E81DED81F70064BD83 /* client.p12 in Resources */,
			);
			runOnlyForDeploymentPostprocessing = 0;
		};
		6834008C1DED81830064BD83 /* Resources */ = {
			isa = PBXResourcesBuildPhase;
			buildActionMask = 2147483647;
			files = (
			);
			runOnlyForDeploymentPostprocessing = 0;
		};
		683400971DED81830064BD83 /* Resources */ = {
			isa = PBXResourcesBuildPhase;
			buildActionMask = 2147483647;
			files = (
			);
			runOnlyForDeploymentPostprocessing = 0;
		};
/* End PBXResourcesBuildPhase section */

/* Begin PBXSourcesBuildPhase section */
		683400711DED81820064BD83 /* Sources */ = {
			isa = PBXSourcesBuildPhase;
			buildActionMask = 2147483647;
			files = (
				683400D31DED818E0064BD83 /* AFHTTPRequestOperation.m in Sources */,
				683400E01DED818E0064BD83 /* UIImageView+AFNetworking.m in Sources */,
				683400801DED81820064BD83 /* ViewController.m in Sources */,
				683400D41DED818E0064BD83 /* AFHTTPRequestOperationManager.m in Sources */,
				683400E11DED818E0064BD83 /* UIProgressView+AFNetworking.m in Sources */,
				683400D61DED818E0064BD83 /* AFNetworkReachabilityManager.m in Sources */,
				683400DA1DED818E0064BD83 /* AFURLResponseSerialization.m in Sources */,
				683400D81DED818E0064BD83 /* AFURLConnectionOperation.m in Sources */,
				683400DF1DED818E0064BD83 /* UIButton+AFNetworking.m in Sources */,
				683400DD1DED818E0064BD83 /* UIActivityIndicatorView+AFNetworking.m in Sources */,
				683400D71DED818E0064BD83 /* AFSecurityPolicy.m in Sources */,
				683400E21DED818E0064BD83 /* UIRefreshControl+AFNetworking.m in Sources */,
				683400E31DED818E0064BD83 /* UIWebView+AFNetworking.m in Sources */,
				683400D51DED818E0064BD83 /* AFHTTPSessionManager.m in Sources */,
				683400DE1DED818E0064BD83 /* UIAlertView+AFNetworking.m in Sources */,
				683400D91DED818E0064BD83 /* AFURLRequestSerialization.m in Sources */,
				683400DC1DED818E0064BD83 /* AFNetworkActivityIndicatorManager.m in Sources */,
				683400DB1DED818E0064BD83 /* AFURLSessionManager.m in Sources */,
				6834007D1DED81820064BD83 /* AppDelegate.m in Sources */,
				6834007A1DED81820064BD83 /* main.m in Sources */,
			);
			runOnlyForDeploymentPostprocessing = 0;
		};
		6834008A1DED81830064BD83 /* Sources */ = {
			isa = PBXSourcesBuildPhase;
			buildActionMask = 2147483647;
			files = (
				683400931DED81830064BD83 /* OldAfHttpsTests.m in Sources */,
			);
			runOnlyForDeploymentPostprocessing = 0;
		};
		683400951DED81830064BD83 /* Sources */ = {
			isa = PBXSourcesBuildPhase;
			buildActionMask = 2147483647;
			files = (
				6834009E1DED81830064BD83 /* OldAfHttpsUITests.m in Sources */,
			);
			runOnlyForDeploymentPostprocessing = 0;
		};
/* End PBXSourcesBuildPhase section */

/* Begin PBXTargetDependency section */
		683400901DED81830064BD83 /* PBXTargetDependency */ = {
			isa = PBXTargetDependency;
			target = 683400741DED81820064BD83 /* OldAfHttps */;
			targetProxy = 6834008F1DED81830064BD83 /* PBXContainerItemProxy */;
		};
		6834009B1DED81830064BD83 /* PBXTargetDependency */ = {
			isa = PBXTargetDependency;
			target = 683400741DED81820064BD83 /* OldAfHttps */;
			targetProxy = 6834009A1DED81830064BD83 /* PBXContainerItemProxy */;
		};
/* End PBXTargetDependency section */

/* Begin PBXVariantGroup section */
		683400811DED81820064BD83 /* Main.storyboard */ = {
			isa = PBXVariantGroup;
			children = (
				683400821DED81820064BD83 /* Base */,
			);
			name = Main.storyboard;
			sourceTree = "<group>";
		};
		683400861DED81820064BD83 /* LaunchScreen.storyboard */ = {
			isa = PBXVariantGroup;
			children = (
				683400871DED81820064BD83 /* Base */,
			);
			name = LaunchScreen.storyboard;
			sourceTree = "<group>";
		};
/* End PBXVariantGroup section */

/* Begin XCBuildConfiguration section */
		683400A01DED81830064BD83 /* Debug */ = {
			isa = XCBuildConfiguration;
			buildSettings = {
				ALWAYS_SEARCH_USER_PATHS = NO;
				CLANG_ANALYZER_NONNULL = YES;
				CLANG_CXX_LANGUAGE_STANDARD = "gnu++0x";
				CLANG_CXX_LIBRARY = "libc++";
				CLANG_ENABLE_MODULES = YES;
				CLANG_ENABLE_OBJC_ARC = YES;
				CLANG_WARN_BOOL_CONVERSION = YES;
				CLANG_WARN_CONSTANT_CONVERSION = YES;
				CLANG_WARN_DIRECT_OBJC_ISA_USAGE = YES_ERROR;
				CLANG_WARN_DOCUMENTATION_COMMENTS = YES;
				CLANG_WARN_EMPTY_BODY = YES;
				CLANG_WARN_ENUM_CONVERSION = YES;
				CLANG_WARN_INFINITE_RECURSION = YES;
				CLANG_WARN_INT_CONVERSION = YES;
				CLANG_WARN_OBJC_ROOT_CLASS = YES_ERROR;
				CLANG_WARN_SUSPICIOUS_MOVES = YES;
				CLANG_WARN_UNREACHABLE_CODE = YES;
				CLANG_WARN__DUPLICATE_METHOD_MATCH = YES;
				"CODE_SIGN_IDENTITY[sdk=iphoneos*]" = "iPhone Developer";
				COPY_PHASE_STRIP = NO;
				DEBUG_INFORMATION_FORMAT = dwarf;
				ENABLE_STRICT_OBJC_MSGSEND = YES;
				ENABLE_TESTABILITY = YES;
				GCC_C_LANGUAGE_STANDARD = gnu99;
				GCC_DYNAMIC_NO_PIC = NO;
				GCC_NO_COMMON_BLOCKS = YES;
				GCC_OPTIMIZATION_LEVEL = 0;
				GCC_PREPROCESSOR_DEFINITIONS = (
					"DEBUG=1",
					"$(inherited)",
				);
				GCC_WARN_64_TO_32_BIT_CONVERSION = YES;
				GCC_WARN_ABOUT_RETURN_TYPE = YES_ERROR;
				GCC_WARN_UNDECLARED_SELECTOR = YES;
				GCC_WARN_UNINITIALIZED_AUTOS = YES_AGGRESSIVE;
				GCC_WARN_UNUSED_FUNCTION = YES;
				GCC_WARN_UNUSED_VARIABLE = YES;
				IPHONEOS_DEPLOYMENT_TARGET = 10.1;
				MTL_ENABLE_DEBUG_INFO = YES;
				ONLY_ACTIVE_ARCH = YES;
				SDKROOT = iphoneos;
			};
			name = Debug;
		};
		683400A11DED81830064BD83 /* Release */ = {
			isa = XCBuildConfiguration;
			buildSettings = {
				ALWAYS_SEARCH_USER_PATHS = NO;
				CLANG_ANALYZER_NONNULL = YES;
				CLANG_CXX_LANGUAGE_STANDARD = "gnu++0x";
				CLANG_CXX_LIBRARY = "libc++";
				CLANG_ENABLE_MODULES = YES;
				CLANG_ENABLE_OBJC_ARC = YES;
				CLANG_WARN_BOOL_CONVERSION = YES;
				CLANG_WARN_CONSTANT_CONVERSION = YES;
				CLANG_WARN_DIRECT_OBJC_ISA_USAGE = YES_ERROR;
				CLANG_WARN_DOCUMENTATION_COMMENTS = YES;
				CLANG_WARN_EMPTY_BODY = YES;
				CLANG_WARN_ENUM_CONVERSION = YES;
				CLANG_WARN_INFINITE_RECURSION = YES;
				CLANG_WARN_INT_CONVERSION = YES;
				CLANG_WARN_OBJC_ROOT_CLASS = YES_ERROR;
				CLANG_WARN_SUSPICIOUS_MOVES = YES;
				CLANG_WARN_UNREACHABLE_CODE = YES;
				CLANG_WARN__DUPLICATE_METHOD_MATCH = YES;
				"CODE_SIGN_IDENTITY[sdk=iphoneos*]" = "iPhone Developer";
				COPY_PHASE_STRIP = NO;
				DEBUG_INFORMATION_FORMAT = "dwarf-with-dsym";
				ENABLE_NS_ASSERTIONS = NO;
				ENABLE_STRICT_OBJC_MSGSEND = YES;
				GCC_C_LANGUAGE_STANDARD = gnu99;
				GCC_NO_COMMON_BLOCKS = YES;
				GCC_WARN_64_TO_32_BIT_CONVERSION = YES;
				GCC_WARN_ABOUT_RETURN_TYPE = YES_ERROR;
				GCC_WARN_UNDECLARED_SELECTOR = YES;
				GCC_WARN_UNINITIALIZED_AUTOS = YES_AGGRESSIVE;
				GCC_WARN_UNUSED_FUNCTION = YES;
				GCC_WARN_UNUSED_VARIABLE = YES;
				IPHONEOS_DEPLOYMENT_TARGET = 10.1;
				MTL_ENABLE_DEBUG_INFO = NO;
				SDKROOT = iphoneos;
				VALIDATE_PRODUCT = YES;
			};
			name = Release;
		};
		683400A31DED81830064BD83 /* Debug */ = {
			isa = XCBuildConfiguration;
			buildSettings = {
				ASSETCATALOG_COMPILER_APPICON_NAME = AppIcon;
				DEVELOPMENT_TEAM = B2P95ADDC5;
				INFOPLIST_FILE = OldAfHttps/Info.plist;
				LD_RUNPATH_SEARCH_PATHS = "$(inherited) @executable_path/Frameworks";
				PRODUCT_BUNDLE_IDENTIFIER = Codeliu.Fire.OldAfHttps;
				PRODUCT_NAME = "$(TARGET_NAME)";
			};
			name = Debug;
		};
		683400A41DED81830064BD83 /* Release */ = {
			isa = XCBuildConfiguration;
			buildSettings = {
				ASSETCATALOG_COMPILER_APPICON_NAME = AppIcon;
				DEVELOPMENT_TEAM = B2P95ADDC5;
				INFOPLIST_FILE = OldAfHttps/Info.plist;
				LD_RUNPATH_SEARCH_PATHS = "$(inherited) @executable_path/Frameworks";
				PRODUCT_BUNDLE_IDENTIFIER = Codeliu.Fire.OldAfHttps;
				PRODUCT_NAME = "$(TARGET_NAME)";
			};
			name = Release;
		};
		683400A61DED81830064BD83 /* Debug */ = {
			isa = XCBuildConfiguration;
			buildSettings = {
				BUNDLE_LOADER = "$(TEST_HOST)";
				DEVELOPMENT_TEAM = B2P95ADDC5;
				INFOPLIST_FILE = OldAfHttpsTests/Info.plist;
				LD_RUNPATH_SEARCH_PATHS = "$(inherited) @executable_path/Frameworks @loader_path/Frameworks";
				PRODUCT_BUNDLE_IDENTIFIER = Codeliu.Fire.OldAfHttpsTests;
				PRODUCT_NAME = "$(TARGET_NAME)";
				TEST_HOST = "$(BUILT_PRODUCTS_DIR)/OldAfHttps.app/OldAfHttps";
			};
			name = Debug;
		};
		683400A71DED81830064BD83 /* Release */ = {
			isa = XCBuildConfiguration;
			buildSettings = {
				BUNDLE_LOADER = "$(TEST_HOST)";
				DEVELOPMENT_TEAM = B2P95ADDC5;
				INFOPLIST_FILE = OldAfHttpsTests/Info.plist;
				LD_RUNPATH_SEARCH_PATHS = "$(inherited) @executable_path/Frameworks @loader_path/Frameworks";
				PRODUCT_BUNDLE_IDENTIFIER = Codeliu.Fire.OldAfHttpsTests;
				PRODUCT_NAME = "$(TARGET_NAME)";
				TEST_HOST = "$(BUILT_PRODUCTS_DIR)/OldAfHttps.app/OldAfHttps";
			};
			name = Release;
		};
		683400A91DED81830064BD83 /* Debug */ = {
			isa = XCBuildConfiguration;
			buildSettings = {
				DEVELOPMENT_TEAM = B2P95ADDC5;
				INFOPLIST_FILE = OldAfHttpsUITests/Info.plist;
				LD_RUNPATH_SEARCH_PATHS = "$(inherited) @executable_path/Frameworks @loader_path/Frameworks";
				PRODUCT_BUNDLE_IDENTIFIER = Codeliu.Fire.OldAfHttpsUITests;
				PRODUCT_NAME = "$(TARGET_NAME)";
				TEST_TARGET_NAME = OldAfHttps;
			};
			name = Debug;
		};
		683400AA1DED81830064BD83 /* Release */ = {
			isa = XCBuildConfiguration;
			buildSettings = {
				DEVELOPMENT_TEAM = B2P95ADDC5;
				INFOPLIST_FILE = OldAfHttpsUITests/Info.plist;
				LD_RUNPATH_SEARCH_PATHS = "$(inherited) @executable_path/Frameworks @loader_path/Frameworks";
				PRODUCT_BUNDLE_IDENTIFIER = Codeliu.Fire.OldAfHttpsUITests;
				PRODUCT_NAME = "$(TARGET_NAME)";
				TEST_TARGET_NAME = OldAfHttps;
			};
			name = Release;
		};
/* End XCBuildConfiguration section */

/* Begin XCConfigurationList section */
		683400701DED81820064BD83 /* Build configuration list for PBXProject "OldAfHttps" */ = {
			isa = XCConfigurationList;
			buildConfigurations = (
				683400A01DED81830064BD83 /* Debug */,
				683400A11DED81830064BD83 /* Release */,
			);
			defaultConfigurationIsVisible = 0;
			defaultConfigurationName = Release;
		};
		683400A21DED81830064BD83 /* Build configuration list for PBXNativeTarget "OldAfHttps" */ = {
			isa = XCConfigurationList;
			buildConfigurations = (
				683400A31DED81830064BD83 /* Debug */,
				683400A41DED81830064BD83 /* Release */,
			);
			defaultConfigurationIsVisible = 0;
			defaultConfigurationName = Release;
		};
		683400A51DED81830064BD83 /* Build configuration list for PBXNativeTarget "OldAfHttpsTests" */ = {
			isa = XCConfigurationList;
			buildConfigurations = (
				683400A61DED81830064BD83 /* Debug */,
				683400A71DED81830064BD83 /* Release */,
			);
			defaultConfigurationIsVisible = 0;
			defaultConfigurationName = Release;
		};
		683400A81DED81830064BD83 /* Build configuration list for PBXNativeTarget "OldAfHttpsUITests" */ = {
			isa = XCConfigurationList;
			buildConfigurations = (
				683400A91DED81830064BD83 /* Debug */,
				683400AA1DED81830064BD83 /* Release */,
			);
			defaultConfigurationIsVisible = 0;
			defaultConfigurationName = Release;
		};
/* End XCConfigurationList section */
	};
	rootObject = 6834006D1DED81820064BD83 /* Project object */;
}
